{
  "name": "m288",
  "version": "1.0.0",
  "lockfileVersion": 2,
  "requires": true,
  "packages": {
    "": {
      "name": "m288",
      "version": "1.0.0",
      "license": "ISC",
      "dependencies": {
        "esm": "^3.2.25",
        "express-useragent": "^1.0.15",
        "moment": "^2.27.0",
        "request-ip": "^2.1.3"
      }
    },
    "node_modules/esm": {
      "version": "3.2.25",
      "resolved": "https://registry.npmjs.org/esm/-/esm-3.2.25.tgz",
      "integrity": "sha512-U1suiZ2oDVWv4zPO56S0NcR5QriEahGtdN2OR6FiOG4WJvcjBVFB0qI4+eKoWFH483PKGuLuu6V8Z4T5g63UVA==",
      "engines": {
        "node": ">=6"
      }
    },
    "node_modules/express-useragent": {
      "version": "1.0.15",
      "resolved": "https://registry.npmjs.org/express-useragent/-/express-useragent-1.0.15.tgz",
      "integrity": "sha512-eq5xMiYCYwFPoekffMjvEIk+NWdlQY9Y38OsTyl13IvA728vKT+q/CSERYWzcw93HGBJcIqMIsZC5CZGARPVdg==",
      "engines": {
        "node": ">=4.5"
      }
    },
    "node_modules/is_js": {
      "version": "0.9.0",
      "resolved": "https://registry.npmjs.org/is_js/-/is_js-0.9.0.tgz",
      "integrity": "sha512-8Y5EHSH+TonfUHX2g3pMJljdbGavg55q4jmHzghJCdqYDbdNROC8uw/YFQwIRCRqRJT1EY3pJefz+kglw+o7sg=="
    },
    "node_modules/moment": {
      "version": "2.29.4",
      "resolved": "https://registry.npmjs.org/moment/-/moment-2.29.4.tgz",
      "integrity": "sha512-5LC9SOxjSc2HF6vO2CyuTDNivEdoz2IvyJJGj6X8DJ0eFyfszE0QiEd+iXmBvUP3WHxSjFH/vIsA0EN00cgr8w==",
      "engines": {
        "node": "*"
      }
    },
    "node_modules/request-ip": {
      "version": "2.2.0",
      "resolved": "https://registry.npmjs.org/request-ip/-/request-ip-2.2.0.tgz",
      "integrity": "sha512-Hn4zUAr+XHbUs2RrfHur62t7+UhvtevqK32ordFewguEfNHUkhSdYgbG7PDGmXZEzqEXll9bei0+VMe6gkmuUQ==",
      "dependencies": {
        "is_js": "^0.9.0"
      }
    }
  },
  "dependencies": {
    "esm": {
      "version": "3.2.25",
      "resolved": "https://registry.npmjs.org/esm/-/esm-3.2.25.tgz",
      "integrity": "sha512-U1suiZ2oDVWv4zPO56S0NcR5QriEahGtdN2OR6FiOG4WJvcjBVFB0qI4+eKoWFH483PKGuLuu6V8Z4T5g63UVA=="
    },
    "express-useragent": {
      "version": "1.0.15",
      "resolved": "https://registry.npmjs.org/express-useragent/-/express-useragent-1.0.15.tgz",
      "integrity": "sha512-eq5xMiYCYwFPoekffMjvEIk+NWdlQY9Y38OsTyl13IvA728vKT+q/CSERYWzcw93HGBJcIqMIsZC5CZGARPVdg=="
    },
    "is_js": {
      "version": "0.9.0",
      "resolved": "https://registry.npmjs.org/is_js/-/is_js-0.9.0.tgz",
      "integrity": "sha512-8Y5EHSH+TonfUHX2g3pMJljdbGavg55q4jmHzghJCdqYDbdNROC8uw/YFQwIRCRqRJT1EY3pJefz+kglw+o7sg=="
    },
    "moment": {
      "version": "2.29.4",
      "resolved": "https://registry.npmjs.org/moment/-/moment-2.29.4.tgz",
      "integrity": "sha512-5LC9SOxjSc2HF6vO2CyuTDNivEdoz2IvyJJGj6X8DJ0eFyfszE0QiEd+iXmBvUP3WHxSjFH/vIsA0EN00cgr8w=="
    },
    "request-ip": {
      "version": "2.2.0",
      "resolved": "https://registry.npmjs.org/request-ip/-/request-ip-2.2.0.tgz",
      "integrity": "sha512-Hn4zUAr+XHbUs2RrfHur62t7+UhvtevqK32ordFewguEfNHUkhSdYgbG7PDGmXZEzqEXll9bei0+VMe6gkmuUQ==",
      "requires": {
        "is_js": "^0.9.0"
      }
    }
  }
}
